// !$*UTF8*$!
{
	archiveVersion = 1;
	classes = {
	};
	objectVersion = 56;
	objects = {

/* Begin PBXBuildFile section */
		4F31333D2B76AA5E006C97A8 /* Lab09.swift in Sources */ = {isa = PBXBuildFile; fileRef = 4F31333C2B76AA5E006C97A8 /* Lab09.swift */; };
		4F3133BB2B76B27E006C97A8 /* wal69ar_small.jpg in Resources */ = {isa = PBXBuildFile; fileRef = 4F3133B22B76B27E006C97A8 /* wal69ar_small.jpg */; };
		4F3133BC2B76B27E006C97A8 /* spider.mtl in Resources */ = {isa = PBXBuildFile; fileRef = 4F3133B32B76B27E006C97A8 /* spider.mtl */; };
		4F3133BD2B76B27E006C97A8 /* Weaving Flag.dae in Resources */ = {isa = PBXBuildFile; fileRef = 4F3133B42B76B27E006C97A8 /* Weaving Flag.dae */; };
		4F3133BE2B76B27E006C97A8 /* spider.obj in Resources */ = {isa = PBXBuildFile; fileRef = 4F3133B52B76B27E006C97A8 /* spider.obj */; };
		4F3133BF2B76B27E006C97A8 /* SpiderTex.jpg in Resources */ = {isa = PBXBuildFile; fileRef = 4F3133B62B76B27E006C97A8 /* SpiderTex.jpg */; };
		4F3133C02B76B27E006C97A8 /* engineflare1.jpg in Resources */ = {isa = PBXBuildFile; fileRef = 4F3133B72B76B27E006C97A8 /* engineflare1.jpg */; };
		4F3133C12B76B27E006C97A8 /* drkwood2.jpg in Resources */ = {isa = PBXBuildFile; fileRef = 4F3133B82B76B27E006C97A8 /* drkwood2.jpg */; };
		4F3133C22B76B27E006C97A8 /* Flag_US-33_Stars-Dirty_BaseColor.png in Resources */ = {isa = PBXBuildFile; fileRef = 4F3133B92B76B27E006C97A8 /* Flag_US-33_Stars-Dirty_BaseColor.png */; };
		4F3133C32B76B27E006C97A8 /* wal67ar_small.jpg in Resources */ = {isa = PBXBuildFile; fileRef = 4F3133BA2B76B27E006C97A8 /* wal67ar_small.jpg */; };
		4F34A9132B61DFFA00AF4205 /* Assignment1.swift in Sources */ = {isa = PBXBuildFile; fileRef = 4F34A9122B61DFFA00AF4205 /* Assignment1.swift */; };
		4F3C7A892B619DB6004ED8A7 /* Lab04.swift in Sources */ = {isa = PBXBuildFile; fileRef = 4F3C7A872B619DB5004ED8A7 /* Lab04.swift */; };
		4F3C7A8A2B619DB6004ED8A7 /* Lab05.swift in Sources */ = {isa = PBXBuildFile; fileRef = 4F3C7A882B619DB6004ED8A7 /* Lab05.swift */; };
		4F3C7A8E2B619E0B004ED8A7 /* Lab03.swift in Sources */ = {isa = PBXBuildFile; fileRef = 4F3C7A8D2B619E0B004ED8A7 /* Lab03.swift */; };
		4F3C7A902B619FAE004ED8A7 /* ContentView.swift in Sources */ = {isa = PBXBuildFile; fileRef = 4F3C7A8F2B619FAE004ED8A7 /* ContentView.swift */; };
		4F3C7A942B619FBF004ED8A7 /* Lab07.swift in Sources */ = {isa = PBXBuildFile; fileRef = 4F3C7A912B619FBF004ED8A7 /* Lab07.swift */; };
		4F3C7A952B619FBF004ED8A7 /* Lab08.swift in Sources */ = {isa = PBXBuildFile; fileRef = 4F3C7A922B619FBF004ED8A7 /* Lab08.swift */; };
		4F3C7A962B619FBF004ED8A7 /* Lab06.swift in Sources */ = {isa = PBXBuildFile; fileRef = 4F3C7A932B619FBF004ED8A7 /* Lab06.swift */; };
		4FE3FCCD2B5B1797007B17FD /* COMP_8051_Lab2App.swift in Sources */ = {isa = PBXBuildFile; fileRef = 4FE3FCCC2B5B1797007B17FD /* COMP_8051_Lab2App.swift */; };
		4FE3FCD12B5B1797007B17FD /* Item.swift in Sources */ = {isa = PBXBuildFile; fileRef = 4FE3FCD02B5B1797007B17FD /* Item.swift */; };
		4FE3FCD32B5B1798007B17FD /* Assets.xcassets in Resources */ = {isa = PBXBuildFile; fileRef = 4FE3FCD22B5B1798007B17FD /* Assets.xcassets */; };
		4FE3FCD62B5B1798007B17FD /* Preview Assets.xcassets in Resources */ = {isa = PBXBuildFile; fileRef = 4FE3FCD52B5B1798007B17FD /* Preview Assets.xcassets */; };
		4FFE5E8A2B5B1876000ED59C /* Lab02.swift in Sources */ = {isa = PBXBuildFile; fileRef = 4FFE5E882B5B1876000ED59C /* Lab02.swift */; };
		4FFE5E8C2B5B18A7000ED59C /* Lab01.swift in Sources */ = {isa = PBXBuildFile; fileRef = 4FFE5E8B2B5B18A7000ED59C /* Lab01.swift */; };
/* End PBXBuildFile section */

/* Begin PBXFileReference section */
		4F31333C2B76AA5E006C97A8 /* Lab09.swift */ = {isa = PBXFileReference; fileEncoding = 4; lastKnownFileType = sourcecode.swift; path = Lab09.swift; sourceTree = "<group>"; };
		4F3133B22B76B27E006C97A8 /* wal69ar_small.jpg */ = {isa = PBXFileReference; lastKnownFileType = image.jpeg; path = wal69ar_small.jpg; sourceTree = "<group>"; };
		4F3133B32B76B27E006C97A8 /* spider.mtl */ = {isa = PBXFileReference; fileEncoding = 4; lastKnownFileType = text; path = spider.mtl; sourceTree = "<group>"; };
		4F3133B42B76B27E006C97A8 /* Weaving Flag.dae */ = {isa = PBXFileReference; fileEncoding = 4; lastKnownFileType = text.xml.dae; path = "Weaving Flag.dae"; sourceTree = "<group>"; };
		4F3133B52B76B27E006C97A8 /* spider.obj */ = {isa = PBXFileReference; fileEncoding = 4; lastKnownFileType = text; path = spider.obj; sourceTree = "<group>"; };
		4F3133B62B76B27E006C97A8 /* SpiderTex.jpg */ = {isa = PBXFileReference; lastKnownFileType = image.jpeg; path = SpiderTex.jpg; sourceTree = "<group>"; };
		4F3133B72B76B27E006C97A8 /* engineflare1.jpg */ = {isa = PBXFileReference; lastKnownFileType = image.jpeg; path = engineflare1.jpg; sourceTree = "<group>"; };
		4F3133B82B76B27E006C97A8 /* drkwood2.jpg */ = {isa = PBXFileReference; lastKnownFileType = image.jpeg; path = drkwood2.jpg; sourceTree = "<group>"; };
		4F3133B92B76B27E006C97A8 /* Flag_US-33_Stars-Dirty_BaseColor.png */ = {isa = PBXFileReference; lastKnownFileType = image.png; path = "Flag_US-33_Stars-Dirty_BaseColor.png"; sourceTree = "<group>"; };
		4F3133BA2B76B27E006C97A8 /* wal67ar_small.jpg */ = {isa = PBXFileReference; lastKnownFileType = image.jpeg; path = wal67ar_small.jpg; sourceTree = "<group>"; };
		4F34A9122B61DFFA00AF4205 /* Assignment1.swift */ = {isa = PBXFileReference; lastKnownFileType = sourcecode.swift; path = Assignment1.swift; sourceTree = "<group>"; };
		4F3C7A872B619DB5004ED8A7 /* Lab04.swift */ = {isa = PBXFileReference; fileEncoding = 4; lastKnownFileType = sourcecode.swift; path = Lab04.swift; sourceTree = "<group>"; };
		4F3C7A882B619DB6004ED8A7 /* Lab05.swift */ = {isa = PBXFileReference; fileEncoding = 4; lastKnownFileType = sourcecode.swift; path = Lab05.swift; sourceTree = "<group>"; };
		4F3C7A8D2B619E0B004ED8A7 /* Lab03.swift */ = {isa = PBXFileReference; fileEncoding = 4; lastKnownFileType = sourcecode.swift; name = Lab03.swift; path = "../../../../Notes/Week 2/Lab03.swift"; sourceTree = "<group>"; };
		4F3C7A8F2B619FAE004ED8A7 /* ContentView.swift */ = {isa = PBXFileReference; fileEncoding = 4; lastKnownFileType = sourcecode.swift; name = ContentView.swift; path = "../../../../Notes/Week 3/ContentView.swift"; sourceTree = "<group>"; };
		4F3C7A912B619FBF004ED8A7 /* Lab07.swift */ = {isa = PBXFileReference; fileEncoding = 4; lastKnownFileType = sourcecode.swift; name = Lab07.swift; path = "../../../../Notes/Week 3/Lab07.swift"; sourceTree = "<group>"; };
		4F3C7A922B619FBF004ED8A7 /* Lab08.swift */ = {isa = PBXFileReference; fileEncoding = 4; lastKnownFileType = sourcecode.swift; name = Lab08.swift; path = "../../../../Notes/Week 3/Lab08.swift"; sourceTree = "<group>"; };
		4F3C7A932B619FBF004ED8A7 /* Lab06.swift */ = {isa = PBXFileReference; fileEncoding = 4; lastKnownFileType = sourcecode.swift; name = Lab06.swift; path = "../../../../Notes/Week 3/Lab06.swift"; sourceTree = "<group>"; };
		4FAB25A02B6B185A0019E22B /* README.md */ = {isa = PBXFileReference; lastKnownFileType = net.daringfireball.markdown; path = README.md; sourceTree = "<group>"; };
		4FE3FCC92B5B1797007B17FD /* COMP-8051-Lab2.app */ = {isa = PBXFileReference; explicitFileType = wrapper.application; includeInIndex = 0; path = "COMP-8051-Lab2.app"; sourceTree = BUILT_PRODUCTS_DIR; };
		4FE3FCCC2B5B1797007B17FD /* COMP_8051_Lab2App.swift */ = {isa = PBXFileReference; lastKnownFileType = sourcecode.swift; path = COMP_8051_Lab2App.swift; sourceTree = "<group>"; };
		4FE3FCD02B5B1797007B17FD /* Item.swift */ = {isa = PBXFileReference; lastKnownFileType = sourcecode.swift; path = Item.swift; sourceTree = "<group>"; };
		4FE3FCD22B5B1798007B17FD /* Assets.xcassets */ = {isa = PBXFileReference; lastKnownFileType = folder.assetcatalog; path = Assets.xcassets; sourceTree = "<group>"; };
		4FE3FCD52B5B1798007B17FD /* Preview Assets.xcassets */ = {isa = PBXFileReference; lastKnownFileType = folder.assetcatalog; path = "Preview Assets.xcassets"; sourceTree = "<group>"; };
		4FFE5E882B5B1876000ED59C /* Lab02.swift */ = {isa = PBXFileReference; fileEncoding = 4; lastKnownFileType = sourcecode.swift; name = Lab02.swift; path = "../../../../Notes/Week 2/Lab02.swift"; sourceTree = "<group>"; };
		4FFE5E8B2B5B18A7000ED59C /* Lab01.swift */ = {isa = PBXFileReference; fileEncoding = 4; lastKnownFileType = sourcecode.swift; name = Lab01.swift; path = "../../../../Notes/Week 1/Lab01.swift"; sourceTree = "<group>"; };
/* End PBXFileReference section */

/* Begin PBXFrameworksBuildPhase section */
		4FE3FCC62B5B1797007B17FD /* Frameworks */ = {
			isa = PBXFrameworksBuildPhase;
			buildActionMask = 2147483647;
			files = (
			);
			runOnlyForDeploymentPostprocessing = 0;
		};
/* End PBXFrameworksBuildPhase section */

/* Begin PBXGroup section */
		4FE3FCC02B5B1797007B17FD = {
			isa = PBXGroup;
			children = (
				4FE3FCCB2B5B1797007B17FD /* COMP-8051-Lab2 */,
				4FE3FCCA2B5B1797007B17FD /* Products */,
			);
			sourceTree = "<group>";
		};
		4FE3FCCA2B5B1797007B17FD /* Products */ = {
			isa = PBXGroup;
			children = (
				4FE3FCC92B5B1797007B17FD /* COMP-8051-Lab2.app */,
			);
			name = Products;
			sourceTree = "<group>";
		};
		4FE3FCCB2B5B1797007B17FD /* COMP-8051-Lab2 */ = {
			isa = PBXGroup;
			children = (
				4FE3FCCC2B5B1797007B17FD /* COMP_8051_Lab2App.swift */,
				4FE3FCD02B5B1797007B17FD /* Item.swift */,
				4F3C7A8F2B619FAE004ED8A7 /* ContentView.swift */,
				4FFE5E8B2B5B18A7000ED59C /* Lab01.swift */,
				4FFE5E882B5B1876000ED59C /* Lab02.swift */,
				4F3C7A8D2B619E0B004ED8A7 /* Lab03.swift */,
				4F3C7A872B619DB5004ED8A7 /* Lab04.swift */,
				4F3C7A882B619DB6004ED8A7 /* Lab05.swift */,
				4F3C7A932B619FBF004ED8A7 /* Lab06.swift */,
				4F3C7A912B619FBF004ED8A7 /* Lab07.swift */,
				4F3C7A922B619FBF004ED8A7 /* Lab08.swift */,
				4F31333C2B76AA5E006C97A8 /* Lab09.swift */,
				4F34A9122B61DFFA00AF4205 /* Assignment1.swift */,
				4FE3FCD22B5B1798007B17FD /* Assets.xcassets */,
				4F3133B82B76B27E006C97A8 /* drkwood2.jpg */,
				4F3133B72B76B27E006C97A8 /* engineflare1.jpg */,
				4F3133B92B76B27E006C97A8 /* Flag_US-33_Stars-Dirty_BaseColor.png */,
				4F3133B32B76B27E006C97A8 /* spider.mtl */,
				4F3133B52B76B27E006C97A8 /* spider.obj */,
				4F3133B62B76B27E006C97A8 /* SpiderTex.jpg */,
				4F3133BA2B76B27E006C97A8 /* wal67ar_small.jpg */,
				4F3133B22B76B27E006C97A8 /* wal69ar_small.jpg */,
				4F3133B42B76B27E006C97A8 /* Weaving Flag.dae */,
				4FE3FCD42B5B1798007B17FD /* Preview Content */,
				4FAB25A02B6B185A0019E22B /* README.md */,
			);
			path = "COMP-8051-Lab2";
			sourceTree = "<group>";
		};
		4FE3FCD42B5B1798007B17FD /* Preview Content */ = {
			isa = PBXGroup;
			children = (
				4FE3FCD52B5B1798007B17FD /* Preview Assets.xcassets */,
			);
			path = "Preview Content";
			sourceTree = "<group>";
		};
/* End PBXGroup section */

/* Begin PBXNativeTarget section */
		4FE3FCC82B5B1797007B17FD /* COMP-8051-Lab2 */ = {
			isa = PBXNativeTarget;
			buildConfigurationList = 4FE3FCD92B5B1798007B17FD /* Build configuration list for PBXNativeTarget "COMP-8051-Lab2" */;
			buildPhases = (
				4FE3FCC52B5B1797007B17FD /* Sources */,
				4FE3FCC62B5B1797007B17FD /* Frameworks */,
				4FE3FCC72B5B1797007B17FD /* Resources */,
			);
			buildRules = (
			);
			dependencies = (
			);
			name = "COMP-8051-Lab2";
			productName = "COMP-8051-Lab2";
			productReference = 4FE3FCC92B5B1797007B17FD /* COMP-8051-Lab2.app */;
			productType = "com.apple.product-type.application";
		};
/* End PBXNativeTarget section */

/* Begin PBXProject section */
		4FE3FCC12B5B1797007B17FD /* Project object */ = {
			isa = PBXProject;
			attributes = {
				BuildIndependentTargetsInParallel = 1;
				LastSwiftUpdateCheck = 1520;
				LastUpgradeCheck = 1520;
				TargetAttributes = {
					4FE3FCC82B5B1797007B17FD = {
						CreatedOnToolsVersion = 15.2;
					};
				};
			};
			buildConfigurationList = 4FE3FCC42B5B1797007B17FD /* Build configuration list for PBXProject "COMP-8051-Lab2" */;
			compatibilityVersion = "Xcode 14.0";
			developmentRegion = en;
			hasScannedForEncodings = 0;
			knownRegions = (
				en,
				Base,
			);
			mainGroup = 4FE3FCC02B5B1797007B17FD;
			productRefGroup = 4FE3FCCA2B5B1797007B17FD /* Products */;
			projectDirPath = "";
			projectRoot = "";
			targets = (
				4FE3FCC82B5B1797007B17FD /* COMP-8051-Lab2 */,
			);
		};
/* End PBXProject section */

/* Begin PBXResourcesBuildPhase section */
		4FE3FCC72B5B1797007B17FD /* Resources */ = {
			isa = PBXResourcesBuildPhase;
			buildActionMask = 2147483647;
			files = (
				4F3133C02B76B27E006C97A8 /* engineflare1.jpg in Resources */,
				4F3133BC2B76B27E006C97A8 /* spider.mtl in Resources */,
				4F3133BF2B76B27E006C97A8 /* SpiderTex.jpg in Resources */,
				4F3133C32B76B27E006C97A8 /* wal67ar_small.jpg in Resources */,
				4F3133BD2B76B27E006C97A8 /* Weaving Flag.dae in Resources */,
				4F3133BE2B76B27E006C97A8 /* spider.obj in Resources */,
				4F3133C12B76B27E006C97A8 /* drkwood2.jpg in Resources */,
				4FE3FCD62B5B1798007B17FD /* Preview Assets.xcassets in Resources */,
				4F3133C22B76B27E006C97A8 /* Flag_US-33_Stars-Dirty_BaseColor.png in Resources */,
				4F3133BB2B76B27E006C97A8 /* wal69ar_small.jpg in Resources */,
				4FE3FCD32B5B1798007B17FD /* Assets.xcassets in Resources */,
			);
			runOnlyForDeploymentPostprocessing = 0;
		};
/* End PBXResourcesBuildPhase section */

/* Begin PBXSourcesBuildPhase section */
		4FE3FCC52B5B1797007B17FD /* Sources */ = {
			isa = PBXSourcesBuildPhase;
			buildActionMask = 2147483647;
			files = (
				4F34A9132B61DFFA00AF4205 /* Assignment1.swift in Sources */,
				4F3C7A8E2B619E0B004ED8A7 /* Lab03.swift in Sources */,
				4FE3FCD12B5B1797007B17FD /* Item.swift in Sources */,
				4FE3FCCD2B5B1797007B17FD /* COMP_8051_Lab2App.swift in Sources */,
				4F3C7A942B619FBF004ED8A7 /* Lab07.swift in Sources */,
				4F31333D2B76AA5E006C97A8 /* Lab09.swift in Sources */,
				4F3C7A8A2B619DB6004ED8A7 /* Lab05.swift in Sources */,
				4F3C7A902B619FAE004ED8A7 /* ContentView.swift in Sources */,
				4FFE5E8C2B5B18A7000ED59C /* Lab01.swift in Sources */,
				4FFE5E8A2B5B1876000ED59C /* Lab02.swift in Sources */,
				4F3C7A952B619FBF004ED8A7 /* Lab08.swift in Sources */,
				4F3C7A892B619DB6004ED8A7 /* Lab04.swift in Sources */,
				4F3C7A962B619FBF004ED8A7 /* Lab06.swift in Sources */,
			);
			runOnlyForDeploymentPostprocessing = 0;
		};
/* End PBXSourcesBuildPhase section */

/* Begin XCBuildConfiguration section */
		4FE3FCD72B5B1798007B17FD /* Debug */ = {
			isa = XCBuildConfiguration;
			buildSettings = {
				ALWAYS_SEARCH_USER_PATHS = NO;
				ASSETCATALOG_COMPILER_GENERATE_SWIFT_ASSET_SYMBOL_EXTENSIONS = YES;
				CLANG_ANALYZER_NONNULL = YES;
				CLANG_ANALYZER_NUMBER_OBJECT_CONVERSION = YES_AGGRESSIVE;
				CLANG_CXX_LANGUAGE_STANDARD = "gnu++20";
				CLANG_ENABLE_MODULES = YES;
				CLANG_ENABLE_OBJC_ARC = YES;
				CLANG_ENABLE_OBJC_WEAK = YES;
				CLANG_WARN_BLOCK_CAPTURE_AUTORELEASING = YES;
				CLANG_WARN_BOOL_CONVERSION = YES;
				CLANG_WARN_COMMA = YES;
				CLANG_WARN_CONSTANT_CONVERSION = YES;
				CLANG_WARN_DEPRECATED_OBJC_IMPLEMENTATIONS = YES;
				CLANG_WARN_DIRECT_OBJC_ISA_USAGE = YES_ERROR;
				CLANG_WARN_DOCUMENTATION_COMMENTS = YES;
				CLANG_WARN_EMPTY_BODY = YES;
				CLANG_WARN_ENUM_CONVERSION = YES;
				CLANG_WARN_INFINITE_RECURSION = YES;
				CLANG_WARN_INT_CONVERSION = YES;
				CLANG_WARN_NON_LITERAL_NULL_CONVERSION = YES;
				CLANG_WARN_OBJC_IMPLICIT_RETAIN_SELF = YES;
				CLANG_WARN_OBJC_LITERAL_CONVERSION = YES;
				CLANG_WARN_OBJC_ROOT_CLASS = YES_ERROR;
				CLANG_WARN_QUOTED_INCLUDE_IN_FRAMEWORK_HEADER = YES;
				CLANG_WARN_RANGE_LOOP_ANALYSIS = YES;
				CLANG_WARN_STRICT_PROTOTYPES = YES;
				CLANG_WARN_SUSPICIOUS_MOVE = YES;
				CLANG_WARN_UNGUARDED_AVAILABILITY = YES_AGGRESSIVE;
				CLANG_WARN_UNREACHABLE_CODE = YES;
				CLANG_WARN__DUPLICATE_METHOD_MATCH = YES;
				COPY_PHASE_STRIP = NO;
				DEBUG_INFORMATION_FORMAT = dwarf;
				ENABLE_STRICT_OBJC_MSGSEND = YES;
				ENABLE_TESTABILITY = YES;
				ENABLE_USER_SCRIPT_SANDBOXING = YES;
				GCC_C_LANGUAGE_STANDARD = gnu17;
				GCC_DYNAMIC_NO_PIC = NO;
				GCC_NO_COMMON_BLOCKS = YES;
				GCC_OPTIMIZATION_LEVEL = 0;
				GCC_PREPROCESSOR_DEFINITIONS = (
					"DEBUG=1",
					"$(inherited)",
				);
				GCC_WARN_64_TO_32_BIT_CONVERSION = YES;
				GCC_WARN_ABOUT_RETURN_TYPE = YES_ERROR;
				GCC_WARN_UNDECLARED_SELECTOR = YES;
				GCC_WARN_UNINITIALIZED_AUTOS = YES_AGGRESSIVE;
				GCC_WARN_UNUSED_FUNCTION = YES;
				GCC_WARN_UNUSED_VARIABLE = YES;
				IPHONEOS_DEPLOYMENT_TARGET = 17.2;
				LOCALIZATION_PREFERS_STRING_CATALOGS = YES;
				MTL_ENABLE_DEBUG_INFO = INCLUDE_SOURCE;
				MTL_FAST_MATH = YES;
				ONLY_ACTIVE_ARCH = YES;
				SDKROOT = iphoneos;
				SWIFT_ACTIVE_COMPILATION_CONDITIONS = "DEBUG $(inherited)";
				SWIFT_OPTIMIZATION_LEVEL = "-Onone";
			};
			name = Debug;
		};
		4FE3FCD82B5B1798007B17FD /* Release */ = {
			isa = XCBuildConfiguration;
			buildSettings = {
				ALWAYS_SEARCH_USER_PATHS = NO;
				ASSETCATALOG_COMPILER_GENERATE_SWIFT_ASSET_SYMBOL_EXTENSIONS = YES;
				CLANG_ANALYZER_NONNULL = YES;
				CLANG_ANALYZER_NUMBER_OBJECT_CONVERSION = YES_AGGRESSIVE;
				CLANG_CXX_LANGUAGE_STANDARD = "gnu++20";
				CLANG_ENABLE_MODULES = YES;
				CLANG_ENABLE_OBJC_ARC = YES;
				CLANG_ENABLE_OBJC_WEAK = YES;
				CLANG_WARN_BLOCK_CAPTURE_AUTORELEASING = YES;
				CLANG_WARN_BOOL_CONVERSION = YES;
				CLANG_WARN_COMMA = YES;
				CLANG_WARN_CONSTANT_CONVERSION = YES;
				CLANG_WARN_DEPRECATED_OBJC_IMPLEMENTATIONS = YES;
				CLANG_WARN_DIRECT_OBJC_ISA_USAGE = YES_ERROR;
				CLANG_WARN_DOCUMENTATION_COMMENTS = YES;
				CLANG_WARN_EMPTY_BODY = YES;
				CLANG_WARN_ENUM_CONVERSION = YES;
				CLANG_WARN_INFINITE_RECURSION = YES;
				CLANG_WARN_INT_CONVERSION = YES;
				CLANG_WARN_NON_LITERAL_NULL_CONVERSION = YES;
				CLANG_WARN_OBJC_IMPLICIT_RETAIN_SELF = YES;
				CLANG_WARN_OBJC_LITERAL_CONVERSION = YES;
				CLANG_WARN_OBJC_ROOT_CLASS = YES_ERROR;
				CLANG_WARN_QUOTED_INCLUDE_IN_FRAMEWORK_HEADER = YES;
				CLANG_WARN_RANGE_LOOP_ANALYSIS = YES;
				CLANG_WARN_STRICT_PROTOTYPES = YES;
				CLANG_WARN_SUSPICIOUS_MOVE = YES;
				CLANG_WARN_UNGUARDED_AVAILABILITY = YES_AGGRESSIVE;
				CLANG_WARN_UNREACHABLE_CODE = YES;
				CLANG_WARN__DUPLICATE_METHOD_MATCH = YES;
				COPY_PHASE_STRIP = NO;
				DEBUG_INFORMATION_FORMAT = "dwarf-with-dsym";
				ENABLE_NS_ASSERTIONS = NO;
				ENABLE_STRICT_OBJC_MSGSEND = YES;
				ENABLE_USER_SCRIPT_SANDBOXING = YES;
				GCC_C_LANGUAGE_STANDARD = gnu17;
				GCC_NO_COMMON_BLOCKS = YES;
				GCC_WARN_64_TO_32_BIT_CONVERSION = YES;
				GCC_WARN_ABOUT_RETURN_TYPE = YES_ERROR;
				GCC_WARN_UNDECLARED_SELECTOR = YES;
				GCC_WARN_UNINITIALIZED_AUTOS = YES_AGGRESSIVE;
				GCC_WARN_UNUSED_FUNCTION = YES;
				GCC_WARN_UNUSED_VARIABLE = YES;
				IPHONEOS_DEPLOYMENT_TARGET = 17.2;
				LOCALIZATION_PREFERS_STRING_CATALOGS = YES;
				MTL_ENABLE_DEBUG_INFO = NO;
				MTL_FAST_MATH = YES;
				SDKROOT = iphoneos;
				SWIFT_COMPILATION_MODE = wholemodule;
				VALIDATE_PRODUCT = YES;
			};
			name = Release;
		};
		4FE3FCDA2B5B1798007B17FD /* Debug */ = {
			isa = XCBuildConfiguration;
			buildSettings = {
				ASSETCATALOG_COMPILER_APPICON_NAME = AppIcon;
				ASSETCATALOG_COMPILER_GLOBAL_ACCENT_COLOR_NAME = AccentColor;
				CODE_SIGN_STYLE = Automatic;
				CURRENT_PROJECT_VERSION = 1;
				DEVELOPMENT_ASSET_PATHS = "\"COMP-8051-Lab2/Preview Content\"";
				DEVELOPMENT_TEAM = B95NT6NT2N;
				ENABLE_PREVIEWS = YES;
				GENERATE_INFOPLIST_FILE = YES;
				INFOPLIST_KEY_UIApplicationSceneManifest_Generation = YES;
				INFOPLIST_KEY_UIApplicationSupportsIndirectInputEvents = YES;
				INFOPLIST_KEY_UILaunchScreen_Generation = YES;
				INFOPLIST_KEY_UISupportedInterfaceOrientations_iPad = "UIInterfaceOrientationPortrait UIInterfaceOrientationPortraitUpsideDown UIInterfaceOrientationLandscapeLeft UIInterfaceOrientationLandscapeRight";
				INFOPLIST_KEY_UISupportedInterfaceOrientations_iPhone = "UIInterfaceOrientationPortrait UIInterfaceOrientationLandscapeLeft UIInterfaceOrientationLandscapeRight";
				LD_RUNPATH_SEARCH_PATHS = (
					"$(inherited)",
					"@executable_path/Frameworks",
				);
				MARKETING_VERSION = 1.0;
				PRODUCT_BUNDLE_IDENTIFIER = "BCIT.COMP-8051-Lab2";
				PRODUCT_NAME = "$(TARGET_NAME)";
				SWIFT_EMIT_LOC_STRINGS = YES;
				SWIFT_VERSION = 5.0;
				TARGETED_DEVICE_FAMILY = "1,2";
			};
			name = Debug;
		};
		4FE3FCDB2B5B1798007B17FD /* Release */ = {
			isa = XCBuildConfiguration;
			buildSettings = {
				ASSETCATALOG_COMPILER_APPICON_NAME = AppIcon;
				ASSETCATALOG_COMPILER_GLOBAL_ACCENT_COLOR_NAME = AccentColor;
				CODE_SIGN_STYLE = Automatic;
				CURRENT_PROJECT_VERSION = 1;
				DEVELOPMENT_ASSET_PATHS = "\"COMP-8051-Lab2/Preview Content\"";
				DEVELOPMENT_TEAM = B95NT6NT2N;
				ENABLE_PREVIEWS = YES;
				GENERATE_INFOPLIST_FILE = YES;
				INFOPLIST_KEY_UIApplicationSceneManifest_Generation = YES;
				INFOPLIST_KEY_UIApplicationSupportsIndirectInputEvents = YES;
				INFOPLIST_KEY_UILaunchScreen_Generation = YES;
				INFOPLIST_KEY_UISupportedInterfaceOrientations_iPad = "UIInterfaceOrientationPortrait UIInterfaceOrientationPortraitUpsideDown UIInterfaceOrientationLandscapeLeft UIInterfaceOrientationLandscapeRight";
				INFOPLIST_KEY_UISupportedInterfaceOrientations_iPhone = "UIInterfaceOrientationPortrait UIInterfaceOrientationLandscapeLeft UIInterfaceOrientationLandscapeRight";
				LD_RUNPATH_SEARCH_PATHS = (
					"$(inherited)",
					"@executable_path/Frameworks",
				);
				MARKETING_VERSION = 1.0;
				PRODUCT_BUNDLE_IDENTIFIER = "BCIT.COMP-8051-Lab2";
				PRODUCT_NAME = "$(TARGET_NAME)";
				SWIFT_EMIT_LOC_STRINGS = YES;
				SWIFT_VERSION = 5.0;
				TARGETED_DEVICE_FAMILY = "1,2";
			};
			name = Release;
		};
/* End XCBuildConfiguration section */

/* Begin XCConfigurationList section */
		4FE3FCC42B5B1797007B17FD /* Build configuration list for PBXProject "COMP-8051-Lab2" */ = {
			isa = XCConfigurationList;
			buildConfigurations = (
				4FE3FCD72B5B1798007B17FD /* Debug */,
				4FE3FCD82B5B1798007B17FD /* Release */,
			);
			defaultConfigurationIsVisible = 0;
			defaultConfigurationName = Release;
		};
		4FE3FCD92B5B1798007B17FD /* Build configuration list for PBXNativeTarget "COMP-8051-Lab2" */ = {
			isa = XCConfigurationList;
			buildConfigurations = (
				4FE3FCDA2B5B1798007B17FD /* Debug */,
				4FE3FCDB2B5B1798007B17FD /* Release */,
			);
			defaultConfigurationIsVisible = 0;
			defaultConfigurationName = Release;
		};
/* End XCConfigurationList section */
	};
	rootObject = 4FE3FCC12B5B1797007B17FD /* Project object */;
}
